// !$*UTF8*$!
{
	archiveVersion = 1;
	classes = {
	};
	objectVersion = 56;
	objects = {

/* Begin PBXBuildFile section */
		3A863AAE2BF31857007677D1 /* AppDelegate.swift in Sources */ = {isa = PBXBuildFile; fileRef = 3A863AAD2BF31857007677D1 /* AppDelegate.swift */; };
		3A863AB02BF31857007677D1 /* SceneDelegate.swift in Sources */ = {isa = PBXBuildFile; fileRef = 3A863AAF2BF31857007677D1 /* SceneDelegate.swift */; };
		3A863AB32BF31857007677D1 /* LaunchScreen.storyboard in Resources */ = {isa = PBXBuildFile; fileRef = 3A863AB12BF31857007677D1 /* LaunchScreen.storyboard */; };
		3A863AB62BF31857007677D1 /* Main.storyboard in Resources */ = {isa = PBXBuildFile; fileRef = 3A863AB42BF31857007677D1 /* Main.storyboard */; };
		3A863ABF2BF31857007677D1 /* AppDelegate.swift in Sources */ = {isa = PBXBuildFile; fileRef = 3A863ABE2BF31857007677D1 /* AppDelegate.swift */; };
		3A863AC22BF31857007677D1 /* Main.storyboard in Resources */ = {isa = PBXBuildFile; fileRef = 3A863AC02BF31857007677D1 /* Main.storyboard */; };
		3A863AC92BF31858007677D1 /* usiku Extension.appex in Embed Foundation Extensions */ = {isa = PBXBuildFile; fileRef = 3A863AC82BF31858007677D1 /* usiku Extension.appex */; settings = {ATTRIBUTES = (RemoveHeadersOnCopy, ); }; };
		3A863AD32BF31858007677D1 /* usiku Extension.appex in Embed Foundation Extensions */ = {isa = PBXBuildFile; fileRef = 3A863AD22BF31858007677D1 /* usiku Extension.appex */; settings = {ATTRIBUTES = (RemoveHeadersOnCopy, ); }; };
		3A863AD92BF31858007677D1 /* Main.html in Resources */ = {isa = PBXBuildFile; fileRef = 3A863A942BF31855007677D1 /* Main.html */; };
		3A863ADA2BF31858007677D1 /* Main.html in Resources */ = {isa = PBXBuildFile; fileRef = 3A863A942BF31855007677D1 /* Main.html */; };
		3A863ADD2BF31858007677D1 /* Style.css in Resources */ = {isa = PBXBuildFile; fileRef = 3A863A972BF31855007677D1 /* Style.css */; };
		3A863ADE2BF31858007677D1 /* Style.css in Resources */ = {isa = PBXBuildFile; fileRef = 3A863A972BF31855007677D1 /* Style.css */; };
		3A863ADF2BF31858007677D1 /* Script.js in Resources */ = {isa = PBXBuildFile; fileRef = 3A863A982BF31855007677D1 /* Script.js */; };
		3A863AE02BF31858007677D1 /* Script.js in Resources */ = {isa = PBXBuildFile; fileRef = 3A863A982BF31855007677D1 /* Script.js */; };
		3A863AE12BF31858007677D1 /* ViewController.swift in Sources */ = {isa = PBXBuildFile; fileRef = 3A863A992BF31855007677D1 /* ViewController.swift */; };
		3A863AE22BF31858007677D1 /* ViewController.swift in Sources */ = {isa = PBXBuildFile; fileRef = 3A863A992BF31855007677D1 /* ViewController.swift */; };
		3A863AE32BF31858007677D1 /* Assets.xcassets in Resources */ = {isa = PBXBuildFile; fileRef = 3A863A9A2BF31857007677D1 /* Assets.xcassets */; };
		3A863AE42BF31858007677D1 /* Assets.xcassets in Resources */ = {isa = PBXBuildFile; fileRef = 3A863A9A2BF31857007677D1 /* Assets.xcassets */; };
		3A863AE52BF31858007677D1 /* SafariWebExtensionHandler.swift in Sources */ = {isa = PBXBuildFile; fileRef = 3A863A9C2BF31857007677D1 /* SafariWebExtensionHandler.swift */; };
		3A863AE62BF31858007677D1 /* SafariWebExtensionHandler.swift in Sources */ = {isa = PBXBuildFile; fileRef = 3A863A9C2BF31857007677D1 /* SafariWebExtensionHandler.swift */; };
		3A863AE72BF31858007677D1 /* _locales in Resources */ = {isa = PBXBuildFile; fileRef = 3A863A9E2BF31857007677D1 /* _locales */; };
		3A863AE82BF31858007677D1 /* _locales in Resources */ = {isa = PBXBuildFile; fileRef = 3A863A9E2BF31857007677D1 /* _locales */; };
		3A863AE92BF31858007677D1 /* images in Resources */ = {isa = PBXBuildFile; fileRef = 3A863A9F2BF31857007677D1 /* images */; };
		3A863AEA2BF31858007677D1 /* images in Resources */ = {isa = PBXBuildFile; fileRef = 3A863A9F2BF31857007677D1 /* images */; };
		3A863AEB2BF31858007677D1 /* manifest.json in Resources */ = {isa = PBXBuildFile; fileRef = 3A863AA02BF31857007677D1 /* manifest.json */; };
		3A863AEC2BF31858007677D1 /* manifest.json in Resources */ = {isa = PBXBuildFile; fileRef = 3A863AA02BF31857007677D1 /* manifest.json */; };
		3A863AED2BF31858007677D1 /* background.js in Resources */ = {isa = PBXBuildFile; fileRef = 3A863AA12BF31857007677D1 /* background.js */; };
		3A863AEE2BF31858007677D1 /* background.js in Resources */ = {isa = PBXBuildFile; fileRef = 3A863AA12BF31857007677D1 /* background.js */; };
		3A863AEF2BF31858007677D1 /* content.js in Resources */ = {isa = PBXBuildFile; fileRef = 3A863AA22BF31857007677D1 /* content.js */; };
		3A863AF02BF31858007677D1 /* content.js in Resources */ = {isa = PBXBuildFile; fileRef = 3A863AA22BF31857007677D1 /* content.js */; };
		3A863AF12BF31858007677D1 /* popup.html in Resources */ = {isa = PBXBuildFile; fileRef = 3A863AA32BF31857007677D1 /* popup.html */; };
		3A863AF22BF31858007677D1 /* popup.html in Resources */ = {isa = PBXBuildFile; fileRef = 3A863AA32BF31857007677D1 /* popup.html */; };
		3A863AF32BF31858007677D1 /* popup.css in Resources */ = {isa = PBXBuildFile; fileRef = 3A863AA42BF31857007677D1 /* popup.css */; };
		3A863AF42BF31858007677D1 /* popup.css in Resources */ = {isa = PBXBuildFile; fileRef = 3A863AA42BF31857007677D1 /* popup.css */; };
		3A863B142BF31D8E007677D1 /* toggleDarkMode.js in Resources */ = {isa = PBXBuildFile; fileRef = 3A863B112BF319A5007677D1 /* toggleDarkMode.js */; };
		3A863B152BF31D95007677D1 /* toggleDarkMode.js in Resources */ = {isa = PBXBuildFile; fileRef = 3A863B112BF319A5007677D1 /* toggleDarkMode.js */; };
		3A863B162BF33928007677D1 /* Assets.xcassets in Resources */ = {isa = PBXBuildFile; fileRef = 3A863A9A2BF31857007677D1 /* Assets.xcassets */; };
		3A863B172BF33929007677D1 /* Assets.xcassets in Resources */ = {isa = PBXBuildFile; fileRef = 3A863A9A2BF31857007677D1 /* Assets.xcassets */; };
		3A863B242BF3404E007677D1 /* popup.js in Resources */ = {isa = PBXBuildFile; fileRef = 3A863B212BF33E7D007677D1 /* popup.js */; };
		3A863B252BF3404F007677D1 /* popup.js in Resources */ = {isa = PBXBuildFile; fileRef = 3A863B212BF33E7D007677D1 /* popup.js */; };
		3A863B272BF34718007677D1 /* usiku.jpg in Resources */ = {isa = PBXBuildFile; fileRef = 3A863B262BF34718007677D1 /* usiku.jpg */; };
		3A863B282BF34718007677D1 /* usiku.jpg in Resources */ = {isa = PBXBuildFile; fileRef = 3A863B262BF34718007677D1 /* usiku.jpg */; };
		3A863B292BF34718007677D1 /* usiku.jpg in Resources */ = {isa = PBXBuildFile; fileRef = 3A863B262BF34718007677D1 /* usiku.jpg */; };
		3A863B2A2BF34718007677D1 /* usiku.jpg in Resources */ = {isa = PBXBuildFile; fileRef = 3A863B262BF34718007677D1 /* usiku.jpg */; };
		3A863B2B2BF3495F007677D1 /* welcome.html in Resources */ = {isa = PBXBuildFile; fileRef = 3A863B182BF33B66007677D1 /* welcome.html */; };
		3A863B2C2BF3495F007677D1 /* welcome.html in Resources */ = {isa = PBXBuildFile; fileRef = 3A863B182BF33B66007677D1 /* welcome.html */; };
/* End PBXBuildFile section */

/* Begin PBXContainerItemProxy section */
		3A863ACA2BF31858007677D1 /* PBXContainerItemProxy */ = {
			isa = PBXContainerItemProxy;
			containerPortal = 3A863A8E2BF31854007677D1 /* Project object */;
			proxyType = 1;
			remoteGlobalIDString = 3A863AC72BF31858007677D1;
			remoteInfo = "usiku Extension (iOS)";
		};
		3A863AD42BF31858007677D1 /* PBXContainerItemProxy */ = {
			isa = PBXContainerItemProxy;
			containerPortal = 3A863A8E2BF31854007677D1 /* Project object */;
			proxyType = 1;
			remoteGlobalIDString = 3A863AD12BF31858007677D1;
			remoteInfo = "usiku Extension (macOS)";
		};
/* End PBXContainerItemProxy section */

/* Begin PBXCopyFilesBuildPhase section */
		3A863AFC2BF31858007677D1 /* Embed Foundation Extensions */ = {
			isa = PBXCopyFilesBuildPhase;
			buildActionMask = 2147483647;
			dstPath = "";
			dstSubfolderSpec = 13;
			files = (
				3A863AC92BF31858007677D1 /* usiku Extension.appex in Embed Foundation Extensions */,
			);
			name = "Embed Foundation Extensions";
			runOnlyForDeploymentPostprocessing = 0;
		};
		3A863B032BF31858007677D1 /* Embed Foundation Extensions */ = {
			isa = PBXCopyFilesBuildPhase;
			buildActionMask = 2147483647;
			dstPath = "";
			dstSubfolderSpec = 13;
			files = (
				3A863AD32BF31858007677D1 /* usiku Extension.appex in Embed Foundation Extensions */,
			);
			name = "Embed Foundation Extensions";
			runOnlyForDeploymentPostprocessing = 0;
		};
/* End PBXCopyFilesBuildPhase section */

/* Begin PBXFileReference section */
		3A863A952BF31855007677D1 /* Base */ = {isa = PBXFileReference; lastKnownFileType = text.html; name = Base; path = ../Base.lproj/Main.html; sourceTree = "<group>"; };
		3A863A972BF31855007677D1 /* Style.css */ = {isa = PBXFileReference; lastKnownFileType = text.css; path = Style.css; sourceTree = "<group>"; };
		3A863A982BF31855007677D1 /* Script.js */ = {isa = PBXFileReference; lastKnownFileType = sourcecode.javascript; path = Script.js; sourceTree = "<group>"; };
		3A863A992BF31855007677D1 /* ViewController.swift */ = {isa = PBXFileReference; lastKnownFileType = sourcecode.swift; path = ViewController.swift; sourceTree = "<group>"; };
		3A863A9A2BF31857007677D1 /* Assets.xcassets */ = {isa = PBXFileReference; lastKnownFileType = folder.assetcatalog; path = Assets.xcassets; sourceTree = "<group>"; };
		3A863A9C2BF31857007677D1 /* SafariWebExtensionHandler.swift */ = {isa = PBXFileReference; lastKnownFileType = sourcecode.swift; path = SafariWebExtensionHandler.swift; sourceTree = "<group>"; };
		3A863A9E2BF31857007677D1 /* _locales */ = {isa = PBXFileReference; lastKnownFileType = folder; path = _locales; sourceTree = "<group>"; };
		3A863A9F2BF31857007677D1 /* images */ = {isa = PBXFileReference; lastKnownFileType = folder; path = images; sourceTree = "<group>"; };
		3A863AA02BF31857007677D1 /* manifest.json */ = {isa = PBXFileReference; lastKnownFileType = text.json; path = manifest.json; sourceTree = "<group>"; };
		3A863AA12BF31857007677D1 /* background.js */ = {isa = PBXFileReference; lastKnownFileType = sourcecode.javascript; path = background.js; sourceTree = "<group>"; };
		3A863AA22BF31857007677D1 /* content.js */ = {isa = PBXFileReference; lastKnownFileType = sourcecode.javascript; path = content.js; sourceTree = "<group>"; };
		3A863AA32BF31857007677D1 /* popup.html */ = {isa = PBXFileReference; lastKnownFileType = text.html; path = popup.html; sourceTree = "<group>"; };
		3A863AA42BF31857007677D1 /* popup.css */ = {isa = PBXFileReference; lastKnownFileType = text.css; path = popup.css; sourceTree = "<group>"; };
		3A863AAA2BF31857007677D1 /* usiku.app */ = {isa = PBXFileReference; explicitFileType = wrapper.application; includeInIndex = 0; path = usiku.app; sourceTree = BUILT_PRODUCTS_DIR; };
		3A863AAD2BF31857007677D1 /* AppDelegate.swift */ = {isa = PBXFileReference; lastKnownFileType = sourcecode.swift; path = AppDelegate.swift; sourceTree = "<group>"; };
		3A863AAF2BF31857007677D1 /* SceneDelegate.swift */ = {isa = PBXFileReference; lastKnownFileType = sourcecode.swift; path = SceneDelegate.swift; sourceTree = "<group>"; };
		3A863AB22BF31857007677D1 /* Base */ = {isa = PBXFileReference; lastKnownFileType = file.storyboard; name = Base; path = Base.lproj/LaunchScreen.storyboard; sourceTree = "<group>"; };
		3A863AB52BF31857007677D1 /* Base */ = {isa = PBXFileReference; lastKnownFileType = file.storyboard; name = Base; path = Base.lproj/Main.storyboard; sourceTree = "<group>"; };
		3A863AB72BF31857007677D1 /* Info.plist */ = {isa = PBXFileReference; lastKnownFileType = text.plist.xml; path = Info.plist; sourceTree = "<group>"; };
		3A863ABC2BF31857007677D1 /* usiku.app */ = {isa = PBXFileReference; explicitFileType = wrapper.application; includeInIndex = 0; path = usiku.app; sourceTree = BUILT_PRODUCTS_DIR; };
		3A863ABE2BF31857007677D1 /* AppDelegate.swift */ = {isa = PBXFileReference; lastKnownFileType = sourcecode.swift; path = AppDelegate.swift; sourceTree = "<group>"; };
		3A863AC12BF31857007677D1 /* Base */ = {isa = PBXFileReference; lastKnownFileType = file.storyboard; name = Base; path = Base.lproj/Main.storyboard; sourceTree = "<group>"; };
		3A863AC32BF31857007677D1 /* usiku.entitlements */ = {isa = PBXFileReference; lastKnownFileType = text.plist.entitlements; path = usiku.entitlements; sourceTree = "<group>"; };
		3A863AC82BF31858007677D1 /* usiku Extension.appex */ = {isa = PBXFileReference; explicitFileType = "wrapper.app-extension"; includeInIndex = 0; path = "usiku Extension.appex"; sourceTree = BUILT_PRODUCTS_DIR; };
		3A863ACD2BF31858007677D1 /* Info.plist */ = {isa = PBXFileReference; lastKnownFileType = text.plist.xml; path = Info.plist; sourceTree = "<group>"; };
		3A863AD22BF31858007677D1 /* usiku Extension.appex */ = {isa = PBXFileReference; explicitFileType = "wrapper.app-extension"; includeInIndex = 0; path = "usiku Extension.appex"; sourceTree = BUILT_PRODUCTS_DIR; };
		3A863AD72BF31858007677D1 /* Info.plist */ = {isa = PBXFileReference; lastKnownFileType = text.plist.xml; path = Info.plist; sourceTree = "<group>"; };
		3A863AD82BF31858007677D1 /* usiku.entitlements */ = {isa = PBXFileReference; lastKnownFileType = text.plist.entitlements; path = usiku.entitlements; sourceTree = "<group>"; };
		3A863B112BF319A5007677D1 /* toggleDarkMode.js */ = {isa = PBXFileReference; lastKnownFileType = sourcecode.javascript; path = toggleDarkMode.js; sourceTree = "<group>"; };
		3A863B182BF33B66007677D1 /* welcome.html */ = {isa = PBXFileReference; lastKnownFileType = text.html; path = welcome.html; sourceTree = "<group>"; };
		3A863B212BF33E7D007677D1 /* popup.js */ = {isa = PBXFileReference; lastKnownFileType = sourcecode.javascript; path = popup.js; sourceTree = "<group>"; };
		3A863B262BF34718007677D1 /* usiku.jpg */ = {isa = PBXFileReference; lastKnownFileType = image.jpeg; path = usiku.jpg; sourceTree = "<group>"; };
/* End PBXFileReference section */

/* Begin PBXFrameworksBuildPhase section */
		3A863AA72BF31857007677D1 /* Frameworks */ = {
			isa = PBXFrameworksBuildPhase;
			buildActionMask = 2147483647;
			files = (
			);
			runOnlyForDeploymentPostprocessing = 0;
		};
		3A863AB92BF31857007677D1 /* Frameworks */ = {
			isa = PBXFrameworksBuildPhase;
			buildActionMask = 2147483647;
			files = (
			);
			runOnlyForDeploymentPostprocessing = 0;
		};
		3A863AC52BF31858007677D1 /* Frameworks */ = {
			isa = PBXFrameworksBuildPhase;
			buildActionMask = 2147483647;
			files = (
			);
			runOnlyForDeploymentPostprocessing = 0;
		};
		3A863ACF2BF31858007677D1 /* Frameworks */ = {
			isa = PBXFrameworksBuildPhase;
			buildActionMask = 2147483647;
			files = (
			);
			runOnlyForDeploymentPostprocessing = 0;
		};
/* End PBXFrameworksBuildPhase section */

/* Begin PBXGroup section */
		3A863A8D2BF31854007677D1 = {
			isa = PBXGroup;
			children = (
				3A863A922BF31855007677D1 /* Shared (App) */,
				3A863A9B2BF31857007677D1 /* Shared (Extension) */,
				3A863AAC2BF31857007677D1 /* iOS (App) */,
				3A863ABD2BF31857007677D1 /* macOS (App) */,
				3A863ACC2BF31858007677D1 /* iOS (Extension) */,
				3A863AD62BF31858007677D1 /* macOS (Extension) */,
				3A863AAB2BF31857007677D1 /* Products */,
			);
			sourceTree = "<group>";
		};
		3A863A922BF31855007677D1 /* Shared (App) */ = {
			isa = PBXGroup;
			children = (
				3A863A992BF31855007677D1 /* ViewController.swift */,
				3A863A9A2BF31857007677D1 /* Assets.xcassets */,
				3A863A932BF31855007677D1 /* Resources */,
			);
			path = "Shared (App)";
			sourceTree = "<group>";
		};
		3A863A932BF31855007677D1 /* Resources */ = {
			isa = PBXGroup;
			children = (
				3A863A942BF31855007677D1 /* Main.html */,
				3A863A972BF31855007677D1 /* Style.css */,
				3A863B262BF34718007677D1 /* usiku.jpg */,
				3A863A982BF31855007677D1 /* Script.js */,
			);
			path = Resources;
			sourceTree = "<group>";
		};
		3A863A9B2BF31857007677D1 /* Shared (Extension) */ = {
			isa = PBXGroup;
			children = (
				3A863A9C2BF31857007677D1 /* SafariWebExtensionHandler.swift */,
				3A863A9D2BF31857007677D1 /* Resources */,
			);
			path = "Shared (Extension)";
			sourceTree = "<group>";
		};
		3A863A9D2BF31857007677D1 /* Resources */ = {
			isa = PBXGroup;
			children = (
				3A863A9E2BF31857007677D1 /* _locales */,
				3A863A9F2BF31857007677D1 /* images */,
				3A863AA02BF31857007677D1 /* manifest.json */,
				3A863AA12BF31857007677D1 /* background.js */,
				3A863AA22BF31857007677D1 /* content.js */,
				3A863AA32BF31857007677D1 /* popup.html */,
				3A863B182BF33B66007677D1 /* welcome.html */,
				3A863AA42BF31857007677D1 /* popup.css */,
				3A863B212BF33E7D007677D1 /* popup.js */,
				3A863B112BF319A5007677D1 /* toggleDarkMode.js */,
			);
			path = Resources;
			sourceTree = "<group>";
		};
		3A863AAB2BF31857007677D1 /* Products */ = {
			isa = PBXGroup;
			children = (
				3A863AAA2BF31857007677D1 /* usiku.app */,
				3A863ABC2BF31857007677D1 /* usiku.app */,
				3A863AC82BF31858007677D1 /* usiku Extension.appex */,
				3A863AD22BF31858007677D1 /* usiku Extension.appex */,
			);
			name = Products;
			sourceTree = "<group>";
		};
		3A863AAC2BF31857007677D1 /* iOS (App) */ = {
			isa = PBXGroup;
			children = (
				3A863AAD2BF31857007677D1 /* AppDelegate.swift */,
				3A863AAF2BF31857007677D1 /* SceneDelegate.swift */,
				3A863AB12BF31857007677D1 /* LaunchScreen.storyboard */,
				3A863AB42BF31857007677D1 /* Main.storyboard */,
				3A863AB72BF31857007677D1 /* Info.plist */,
			);
			path = "iOS (App)";
			sourceTree = "<group>";
		};
		3A863ABD2BF31857007677D1 /* macOS (App) */ = {
			isa = PBXGroup;
			children = (
				3A863ABE2BF31857007677D1 /* AppDelegate.swift */,
				3A863AC02BF31857007677D1 /* Main.storyboard */,
				3A863AC32BF31857007677D1 /* usiku.entitlements */,
			);
			path = "macOS (App)";
			sourceTree = "<group>";
		};
		3A863ACC2BF31858007677D1 /* iOS (Extension) */ = {
			isa = PBXGroup;
			children = (
				3A863ACD2BF31858007677D1 /* Info.plist */,
			);
			path = "iOS (Extension)";
			sourceTree = "<group>";
		};
		3A863AD62BF31858007677D1 /* macOS (Extension) */ = {
			isa = PBXGroup;
			children = (
				3A863AD72BF31858007677D1 /* Info.plist */,
				3A863AD82BF31858007677D1 /* usiku.entitlements */,
			);
			path = "macOS (Extension)";
			sourceTree = "<group>";
		};
/* End PBXGroup section */

/* Begin PBXNativeTarget section */
		3A863AA92BF31857007677D1 /* usiku (iOS) */ = {
			isa = PBXNativeTarget;
			buildConfigurationList = 3A863AFD2BF31858007677D1 /* Build configuration list for PBXNativeTarget "usiku (iOS)" */;
			buildPhases = (
				3A863AA62BF31857007677D1 /* Sources */,
				3A863AA72BF31857007677D1 /* Frameworks */,
				3A863AA82BF31857007677D1 /* Resources */,
				3A863AFC2BF31858007677D1 /* Embed Foundation Extensions */,
			);
			buildRules = (
			);
			dependencies = (
				3A863ACB2BF31858007677D1 /* PBXTargetDependency */,
			);
			name = "usiku (iOS)";
			productName = "usiku (iOS)";
			productReference = 3A863AAA2BF31857007677D1 /* usiku.app */;
			productType = "com.apple.product-type.application";
		};
		3A863ABB2BF31857007677D1 /* usiku (macOS) */ = {
			isa = PBXNativeTarget;
			buildConfigurationList = 3A863B042BF31858007677D1 /* Build configuration list for PBXNativeTarget "usiku (macOS)" */;
			buildPhases = (
				3A863AB82BF31857007677D1 /* Sources */,
				3A863AB92BF31857007677D1 /* Frameworks */,
				3A863ABA2BF31857007677D1 /* Resources */,
				3A863B032BF31858007677D1 /* Embed Foundation Extensions */,
			);
			buildRules = (
			);
			dependencies = (
				3A863AD52BF31858007677D1 /* PBXTargetDependency */,
			);
			name = "usiku (macOS)";
			productName = "usiku (macOS)";
			productReference = 3A863ABC2BF31857007677D1 /* usiku.app */;
			productType = "com.apple.product-type.application";
		};
		3A863AC72BF31858007677D1 /* usiku Extension (iOS) */ = {
			isa = PBXNativeTarget;
			buildConfigurationList = 3A863AF92BF31858007677D1 /* Build configuration list for PBXNativeTarget "usiku Extension (iOS)" */;
			buildPhases = (
				3A863AC42BF31858007677D1 /* Sources */,
				3A863AC52BF31858007677D1 /* Frameworks */,
				3A863AC62BF31858007677D1 /* Resources */,
			);
			buildRules = (
			);
			dependencies = (
			);
			name = "usiku Extension (iOS)";
			productName = "usiku Extension (iOS)";
			productReference = 3A863AC82BF31858007677D1 /* usiku Extension.appex */;
			productType = "com.apple.product-type.app-extension";
		};
		3A863AD12BF31858007677D1 /* usiku Extension (macOS) */ = {
			isa = PBXNativeTarget;
			buildConfigurationList = 3A863B002BF31858007677D1 /* Build configuration list for PBXNativeTarget "usiku Extension (macOS)" */;
			buildPhases = (
				3A863ACE2BF31858007677D1 /* Sources */,
				3A863ACF2BF31858007677D1 /* Frameworks */,
				3A863AD02BF31858007677D1 /* Resources */,
			);
			buildRules = (
			);
			dependencies = (
			);
			name = "usiku Extension (macOS)";
			productName = "usiku Extension (macOS)";
			productReference = 3A863AD22BF31858007677D1 /* usiku Extension.appex */;
			productType = "com.apple.product-type.app-extension";
		};
/* End PBXNativeTarget section */

/* Begin PBXProject section */
		3A863A8E2BF31854007677D1 /* Project object */ = {
			isa = PBXProject;
			attributes = {
				BuildIndependentTargetsInParallel = 1;
				LastSwiftUpdateCheck = 1500;
				LastUpgradeCheck = 1500;
				TargetAttributes = {
					3A863AA92BF31857007677D1 = {
						CreatedOnToolsVersion = 15.0.1;
					};
					3A863ABB2BF31857007677D1 = {
						CreatedOnToolsVersion = 15.0.1;
					};
					3A863AC72BF31858007677D1 = {
						CreatedOnToolsVersion = 15.0.1;
					};
					3A863AD12BF31858007677D1 = {
						CreatedOnToolsVersion = 15.0.1;
					};
				};
			};
			buildConfigurationList = 3A863A912BF31854007677D1 /* Build configuration list for PBXProject "usiku" */;
			compatibilityVersion = "Xcode 14.0";
			developmentRegion = en;
			hasScannedForEncodings = 0;
			knownRegions = (
				en,
				Base,
			);
			mainGroup = 3A863A8D2BF31854007677D1;
			productRefGroup = 3A863AAB2BF31857007677D1 /* Products */;
			projectDirPath = "";
			projectRoot = "";
			targets = (
				3A863AA92BF31857007677D1 /* usiku (iOS) */,
				3A863ABB2BF31857007677D1 /* usiku (macOS) */,
				3A863AC72BF31858007677D1 /* usiku Extension (iOS) */,
				3A863AD12BF31858007677D1 /* usiku Extension (macOS) */,
			);
		};
/* End PBXProject section */

/* Begin PBXResourcesBuildPhase section */
		3A863AA82BF31857007677D1 /* Resources */ = {
			isa = PBXResourcesBuildPhase;
			buildActionMask = 2147483647;
			files = (
				3A863AB32BF31857007677D1 /* LaunchScreen.storyboard in Resources */,
				3A863B272BF34718007677D1 /* usiku.jpg in Resources */,
				3A863AD92BF31858007677D1 /* Main.html in Resources */,
				3A863ADF2BF31858007677D1 /* Script.js in Resources */,
				3A863AE32BF31858007677D1 /* Assets.xcassets in Resources */,
				3A863AB62BF31857007677D1 /* Main.storyboard in Resources */,
				3A863ADD2BF31858007677D1 /* Style.css in Resources */,
			);
			runOnlyForDeploymentPostprocessing = 0;
		};
		3A863ABA2BF31857007677D1 /* Resources */ = {
			isa = PBXResourcesBuildPhase;
			buildActionMask = 2147483647;
			files = (
				3A863ADE2BF31858007677D1 /* Style.css in Resources */,
				3A863AC22BF31857007677D1 /* Main.storyboard in Resources */,
				3A863AE02BF31858007677D1 /* Script.js in Resources */,
				3A863AE42BF31858007677D1 /* Assets.xcassets in Resources */,
				3A863B282BF34718007677D1 /* usiku.jpg in Resources */,
				3A863ADA2BF31858007677D1 /* Main.html in Resources */,
			);
			runOnlyForDeploymentPostprocessing = 0;
		};
		3A863AC62BF31858007677D1 /* Resources */ = {
			isa = PBXResourcesBuildPhase;
			buildActionMask = 2147483647;
			files = (
				3A863AED2BF31858007677D1 /* background.js in Resources */,
				3A863AF32BF31858007677D1 /* popup.css in Resources */,
				3A863B292BF34718007677D1 /* usiku.jpg in Resources */,
				3A863B2B2BF3495F007677D1 /* welcome.html in Resources */,
				3A863AF12BF31858007677D1 /* popup.html in Resources */,
				3A863AE92BF31858007677D1 /* images in Resources */,
				3A863B172BF33929007677D1 /* Assets.xcassets in Resources */,
				3A863B152BF31D95007677D1 /* toggleDarkMode.js in Resources */,
				3A863AEB2BF31858007677D1 /* manifest.json in Resources */,
				3A863B242BF3404E007677D1 /* popup.js in Resources */,
				3A863AE72BF31858007677D1 /* _locales in Resources */,
				3A863AEF2BF31858007677D1 /* content.js in Resources */,
			);
			runOnlyForDeploymentPostprocessing = 0;
		};
		3A863AD02BF31858007677D1 /* Resources */ = {
			isa = PBXResourcesBuildPhase;
			buildActionMask = 2147483647;
			files = (
				3A863AEE2BF31858007677D1 /* background.js in Resources */,
				3A863AF42BF31858007677D1 /* popup.css in Resources */,
				3A863B2A2BF34718007677D1 /* usiku.jpg in Resources */,
				3A863B2C2BF3495F007677D1 /* welcome.html in Resources */,
				3A863AF22BF31858007677D1 /* popup.html in Resources */,
				3A863AEA2BF31858007677D1 /* images in Resources */,
				3A863B162BF33928007677D1 /* Assets.xcassets in Resources */,
				3A863B142BF31D8E007677D1 /* toggleDarkMode.js in Resources */,
				3A863AEC2BF31858007677D1 /* manifest.json in Resources */,
				3A863B252BF3404F007677D1 /* popup.js in Resources */,
				3A863AE82BF31858007677D1 /* _locales in Resources */,
				3A863AF02BF31858007677D1 /* content.js in Resources */,
			);
			runOnlyForDeploymentPostprocessing = 0;
		};
/* End PBXResourcesBuildPhase section */

/* Begin PBXSourcesBuildPhase section */
		3A863AA62BF31857007677D1 /* Sources */ = {
			isa = PBXSourcesBuildPhase;
			buildActionMask = 2147483647;
			files = (
				3A863AE12BF31858007677D1 /* ViewController.swift in Sources */,
				3A863AAE2BF31857007677D1 /* AppDelegate.swift in Sources */,
				3A863AB02BF31857007677D1 /* SceneDelegate.swift in Sources */,
			);
			runOnlyForDeploymentPostprocessing = 0;
		};
		3A863AB82BF31857007677D1 /* Sources */ = {
			isa = PBXSourcesBuildPhase;
			buildActionMask = 2147483647;
			files = (
				3A863AE22BF31858007677D1 /* ViewController.swift in Sources */,
				3A863ABF2BF31857007677D1 /* AppDelegate.swift in Sources */,
			);
			runOnlyForDeploymentPostprocessing = 0;
		};
		3A863AC42BF31858007677D1 /* Sources */ = {
			isa = PBXSourcesBuildPhase;
			buildActionMask = 2147483647;
			files = (
				3A863AE52BF31858007677D1 /* SafariWebExtensionHandler.swift in Sources */,
			);
			runOnlyForDeploymentPostprocessing = 0;
		};
		3A863ACE2BF31858007677D1 /* Sources */ = {
			isa = PBXSourcesBuildPhase;
			buildActionMask = 2147483647;
			files = (
				3A863AE62BF31858007677D1 /* SafariWebExtensionHandler.swift in Sources */,
			);
			runOnlyForDeploymentPostprocessing = 0;
		};
/* End PBXSourcesBuildPhase section */

/* Begin PBXTargetDependency section */
		3A863ACB2BF31858007677D1 /* PBXTargetDependency */ = {
			isa = PBXTargetDependency;
			target = 3A863AC72BF31858007677D1 /* usiku Extension (iOS) */;
			targetProxy = 3A863ACA2BF31858007677D1 /* PBXContainerItemProxy */;
		};
		3A863AD52BF31858007677D1 /* PBXTargetDependency */ = {
			isa = PBXTargetDependency;
			target = 3A863AD12BF31858007677D1 /* usiku Extension (macOS) */;
			targetProxy = 3A863AD42BF31858007677D1 /* PBXContainerItemProxy */;
		};
/* End PBXTargetDependency section */

/* Begin PBXVariantGroup section */
		3A863A942BF31855007677D1 /* Main.html */ = {
			isa = PBXVariantGroup;
			children = (
				3A863A952BF31855007677D1 /* Base */,
			);
			name = Main.html;
			sourceTree = "<group>";
		};
		3A863AB12BF31857007677D1 /* LaunchScreen.storyboard */ = {
			isa = PBXVariantGroup;
			children = (
				3A863AB22BF31857007677D1 /* Base */,
			);
			name = LaunchScreen.storyboard;
			sourceTree = "<group>";
		};
		3A863AB42BF31857007677D1 /* Main.storyboard */ = {
			isa = PBXVariantGroup;
			children = (
				3A863AB52BF31857007677D1 /* Base */,
			);
			name = Main.storyboard;
			sourceTree = "<group>";
		};
		3A863AC02BF31857007677D1 /* Main.storyboard */ = {
			isa = PBXVariantGroup;
			children = (
				3A863AC12BF31857007677D1 /* Base */,
			);
			name = Main.storyboard;
			sourceTree = "<group>";
		};
/* End PBXVariantGroup section */

/* Begin XCBuildConfiguration section */
		3A863AF72BF31858007677D1 /* Debug */ = {
			isa = XCBuildConfiguration;
			buildSettings = {
				ALWAYS_SEARCH_USER_PATHS = NO;
				ASSETCATALOG_COMPILER_GENERATE_SWIFT_ASSET_SYMBOL_EXTENSIONS = YES;
				CLANG_ANALYZER_NONNULL = YES;
				CLANG_ANALYZER_NUMBER_OBJECT_CONVERSION = YES_AGGRESSIVE;
				CLANG_CXX_LANGUAGE_STANDARD = "gnu++20";
				CLANG_ENABLE_MODULES = YES;
				CLANG_ENABLE_OBJC_ARC = YES;
				CLANG_ENABLE_OBJC_WEAK = YES;
				CLANG_WARN_BLOCK_CAPTURE_AUTORELEASING = YES;
				CLANG_WARN_BOOL_CONVERSION = YES;
				CLANG_WARN_COMMA = YES;
				CLANG_WARN_CONSTANT_CONVERSION = YES;
				CLANG_WARN_DEPRECATED_OBJC_IMPLEMENTATIONS = YES;
				CLANG_WARN_DIRECT_OBJC_ISA_USAGE = YES_ERROR;
				CLANG_WARN_DOCUMENTATION_COMMENTS = YES;
				CLANG_WARN_EMPTY_BODY = YES;
				CLANG_WARN_ENUM_CONVERSION = YES;
				CLANG_WARN_INFINITE_RECURSION = YES;
				CLANG_WARN_INT_CONVERSION = YES;
				CLANG_WARN_NON_LITERAL_NULL_CONVERSION = YES;
				CLANG_WARN_OBJC_IMPLICIT_RETAIN_SELF = YES;
				CLANG_WARN_OBJC_LITERAL_CONVERSION = YES;
				CLANG_WARN_OBJC_ROOT_CLASS = YES_ERROR;
				CLANG_WARN_QUOTED_INCLUDE_IN_FRAMEWORK_HEADER = YES;
				CLANG_WARN_RANGE_LOOP_ANALYSIS = YES;
				CLANG_WARN_STRICT_PROTOTYPES = YES;
				CLANG_WARN_SUSPICIOUS_MOVE = YES;
				CLANG_WARN_UNGUARDED_AVAILABILITY = YES_AGGRESSIVE;
				CLANG_WARN_UNREACHABLE_CODE = YES;
				CLANG_WARN__DUPLICATE_METHOD_MATCH = YES;
				COPY_PHASE_STRIP = NO;
				DEBUG_INFORMATION_FORMAT = dwarf;
				ENABLE_STRICT_OBJC_MSGSEND = YES;
				ENABLE_TESTABILITY = YES;
				ENABLE_USER_SCRIPT_SANDBOXING = YES;
				GCC_C_LANGUAGE_STANDARD = gnu17;
				GCC_DYNAMIC_NO_PIC = NO;
				GCC_NO_COMMON_BLOCKS = YES;
				GCC_OPTIMIZATION_LEVEL = 0;
				GCC_PREPROCESSOR_DEFINITIONS = (
					"DEBUG=1",
					"$(inherited)",
				);
				GCC_WARN_64_TO_32_BIT_CONVERSION = YES;
				GCC_WARN_ABOUT_RETURN_TYPE = YES_ERROR;
				GCC_WARN_UNDECLARED_SELECTOR = YES;
				GCC_WARN_UNINITIALIZED_AUTOS = YES_AGGRESSIVE;
				GCC_WARN_UNUSED_FUNCTION = YES;
				GCC_WARN_UNUSED_VARIABLE = YES;
				LOCALIZATION_PREFERS_STRING_CATALOGS = YES;
				MTL_ENABLE_DEBUG_INFO = INCLUDE_SOURCE;
				MTL_FAST_MATH = YES;
				ONLY_ACTIVE_ARCH = YES;
				SWIFT_ACTIVE_COMPILATION_CONDITIONS = "DEBUG $(inherited)";
				SWIFT_OPTIMIZATION_LEVEL = "-Onone";
			};
			name = Debug;
		};
		3A863AF82BF31858007677D1 /* Release */ = {
			isa = XCBuildConfiguration;
			buildSettings = {
				ALWAYS_SEARCH_USER_PATHS = NO;
				ASSETCATALOG_COMPILER_GENERATE_SWIFT_ASSET_SYMBOL_EXTENSIONS = YES;
				CLANG_ANALYZER_NONNULL = YES;
				CLANG_ANALYZER_NUMBER_OBJECT_CONVERSION = YES_AGGRESSIVE;
				CLANG_CXX_LANGUAGE_STANDARD = "gnu++20";
				CLANG_ENABLE_MODULES = YES;
				CLANG_ENABLE_OBJC_ARC = YES;
				CLANG_ENABLE_OBJC_WEAK = YES;
				CLANG_WARN_BLOCK_CAPTURE_AUTORELEASING = YES;
				CLANG_WARN_BOOL_CONVERSION = YES;
				CLANG_WARN_COMMA = YES;
				CLANG_WARN_CONSTANT_CONVERSION = YES;
				CLANG_WARN_DEPRECATED_OBJC_IMPLEMENTATIONS = YES;
				CLANG_WARN_DIRECT_OBJC_ISA_USAGE = YES_ERROR;
				CLANG_WARN_DOCUMENTATION_COMMENTS = YES;
				CLANG_WARN_EMPTY_BODY = YES;
				CLANG_WARN_ENUM_CONVERSION = YES;
				CLANG_WARN_INFINITE_RECURSION = YES;
				CLANG_WARN_INT_CONVERSION = YES;
				CLANG_WARN_NON_LITERAL_NULL_CONVERSION = YES;
				CLANG_WARN_OBJC_IMPLICIT_RETAIN_SELF = YES;
				CLANG_WARN_OBJC_LITERAL_CONVERSION = YES;
				CLANG_WARN_OBJC_ROOT_CLASS = YES_ERROR;
				CLANG_WARN_QUOTED_INCLUDE_IN_FRAMEWORK_HEADER = YES;
				CLANG_WARN_RANGE_LOOP_ANALYSIS = YES;
				CLANG_WARN_STRICT_PROTOTYPES = YES;
				CLANG_WARN_SUSPICIOUS_MOVE = YES;
				CLANG_WARN_UNGUARDED_AVAILABILITY = YES_AGGRESSIVE;
				CLANG_WARN_UNREACHABLE_CODE = YES;
				CLANG_WARN__DUPLICATE_METHOD_MATCH = YES;
				COPY_PHASE_STRIP = NO;
				DEBUG_INFORMATION_FORMAT = "dwarf-with-dsym";
				ENABLE_NS_ASSERTIONS = NO;
				ENABLE_STRICT_OBJC_MSGSEND = YES;
				ENABLE_USER_SCRIPT_SANDBOXING = YES;
				GCC_C_LANGUAGE_STANDARD = gnu17;
				GCC_NO_COMMON_BLOCKS = YES;
				GCC_WARN_64_TO_32_BIT_CONVERSION = YES;
				GCC_WARN_ABOUT_RETURN_TYPE = YES_ERROR;
				GCC_WARN_UNDECLARED_SELECTOR = YES;
				GCC_WARN_UNINITIALIZED_AUTOS = YES_AGGRESSIVE;
				GCC_WARN_UNUSED_FUNCTION = YES;
				GCC_WARN_UNUSED_VARIABLE = YES;
				LOCALIZATION_PREFERS_STRING_CATALOGS = YES;
				MTL_ENABLE_DEBUG_INFO = NO;
				MTL_FAST_MATH = YES;
				SWIFT_COMPILATION_MODE = wholemodule;
			};
			name = Release;
		};
		3A863AFA2BF31858007677D1 /* Debug */ = {
			isa = XCBuildConfiguration;
			buildSettings = {
				CODE_SIGN_STYLE = Automatic;
				CURRENT_PROJECT_VERSION = 1;
				DEVELOPMENT_TEAM = BHJSDBBPS7;
				GENERATE_INFOPLIST_FILE = YES;
				INFOPLIST_FILE = "iOS (Extension)/Info.plist";
				INFOPLIST_KEY_CFBundleDisplayName = "usiku Extension";
				INFOPLIST_KEY_NSHumanReadableCopyright = "";
				IPHONEOS_DEPLOYMENT_TARGET = 15.0;
				LD_RUNPATH_SEARCH_PATHS = (
					"$(inherited)",
					"@executable_path/Frameworks",
					"@executable_path/../../Frameworks",
				);
				MARKETING_VERSION = 1.0;
				OTHER_LDFLAGS = (
					"-framework",
					SafariServices,
				);
				PRODUCT_BUNDLE_IDENTIFIER = samroman.usiku.Extension;
				PRODUCT_NAME = "usiku Extension";
				SDKROOT = iphoneos;
				SKIP_INSTALL = YES;
				SWIFT_EMIT_LOC_STRINGS = YES;
				SWIFT_VERSION = 5.0;
				TARGETED_DEVICE_FAMILY = "1,2";
			};
			name = Debug;
		};
		3A863AFB2BF31858007677D1 /* Release */ = {
			isa = XCBuildConfiguration;
			buildSettings = {
				CODE_SIGN_STYLE = Automatic;
				CURRENT_PROJECT_VERSION = 1;
				DEVELOPMENT_TEAM = BHJSDBBPS7;
				GENERATE_INFOPLIST_FILE = YES;
				INFOPLIST_FILE = "iOS (Extension)/Info.plist";
				INFOPLIST_KEY_CFBundleDisplayName = "usiku Extension";
				INFOPLIST_KEY_NSHumanReadableCopyright = "";
				IPHONEOS_DEPLOYMENT_TARGET = 15.0;
				LD_RUNPATH_SEARCH_PATHS = (
					"$(inherited)",
					"@executable_path/Frameworks",
					"@executable_path/../../Frameworks",
				);
				MARKETING_VERSION = 1.0;
				OTHER_LDFLAGS = (
					"-framework",
					SafariServices,
				);
				PRODUCT_BUNDLE_IDENTIFIER = samroman.usiku.Extension;
				PRODUCT_NAME = "usiku Extension";
				SDKROOT = iphoneos;
				SKIP_INSTALL = YES;
				SWIFT_EMIT_LOC_STRINGS = YES;
				SWIFT_VERSION = 5.0;
				TARGETED_DEVICE_FAMILY = "1,2";
				VALIDATE_PRODUCT = YES;
			};
			name = Release;
		};
		3A863AFE2BF31858007677D1 /* Debug */ = {
			isa = XCBuildConfiguration;
			buildSettings = {
				ALWAYS_EMBED_SWIFT_STANDARD_LIBRARIES = YES;
				ASSETCATALOG_COMPILER_APPICON_NAME = AppIcon;
				ASSETCATALOG_COMPILER_GLOBAL_ACCENT_COLOR_NAME = AccentColor;
				CODE_SIGN_STYLE = Automatic;
				CURRENT_PROJECT_VERSION = 1;
				DEVELOPMENT_TEAM = BHJSDBBPS7;
				GENERATE_INFOPLIST_FILE = YES;
				INFOPLIST_FILE = "iOS (App)/Info.plist";
				INFOPLIST_KEY_CFBundleDisplayName = usiku;
				INFOPLIST_KEY_UIApplicationSupportsIndirectInputEvents = YES;
				INFOPLIST_KEY_UILaunchStoryboardName = LaunchScreen;
				INFOPLIST_KEY_UIMainStoryboardFile = Main;
				INFOPLIST_KEY_UISupportedInterfaceOrientations = "UIInterfaceOrientationPortrait UIInterfaceOrientationLandscapeLeft UIInterfaceOrientationLandscapeRight";
				INFOPLIST_KEY_UISupportedInterfaceOrientations_iPad = "UIInterfaceOrientationPortrait UIInterfaceOrientationPortraitUpsideDown UIInterfaceOrientationLandscapeLeft UIInterfaceOrientationLandscapeRight";
				IPHONEOS_DEPLOYMENT_TARGET = 15.0;
				LD_RUNPATH_SEARCH_PATHS = (
					"$(inherited)",
					"@executable_path/Frameworks",
				);
				MARKETING_VERSION = 1.0;
				OTHER_LDFLAGS = (
					"-framework",
					SafariServices,
					"-framework",
					WebKit,
				);
				PRODUCT_BUNDLE_IDENTIFIER = samroman.usiku;
				PRODUCT_NAME = usiku;
				SDKROOT = iphoneos;
				SWIFT_EMIT_LOC_STRINGS = YES;
				SWIFT_VERSION = 5.0;
				TARGETED_DEVICE_FAMILY = "1,2";
			};
			name = Debug;
		};
		3A863AFF2BF31858007677D1 /* Release */ = {
			isa = XCBuildConfiguration;
			buildSettings = {
				ALWAYS_EMBED_SWIFT_STANDARD_LIBRARIES = YES;
				ASSETCATALOG_COMPILER_APPICON_NAME = AppIcon;
				ASSETCATALOG_COMPILER_GLOBAL_ACCENT_COLOR_NAME = AccentColor;
				CODE_SIGN_STYLE = Automatic;
				CURRENT_PROJECT_VERSION = 1;
				DEVELOPMENT_TEAM = BHJSDBBPS7;
				GENERATE_INFOPLIST_FILE = YES;
				INFOPLIST_FILE = "iOS (App)/Info.plist";
				INFOPLIST_KEY_CFBundleDisplayName = usiku;
				INFOPLIST_KEY_UIApplicationSupportsIndirectInputEvents = YES;
				INFOPLIST_KEY_UILaunchStoryboardName = LaunchScreen;
				INFOPLIST_KEY_UIMainStoryboardFile = Main;
				INFOPLIST_KEY_UISupportedInterfaceOrientations = "UIInterfaceOrientationPortrait UIInterfaceOrientationLandscapeLeft UIInterfaceOrientationLandscapeRight";
				INFOPLIST_KEY_UISupportedInterfaceOrientations_iPad = "UIInterfaceOrientationPortrait UIInterfaceOrientationPortraitUpsideDown UIInterfaceOrientationLandscapeLeft UIInterfaceOrientationLandscapeRight";
				IPHONEOS_DEPLOYMENT_TARGET = 15.0;
				LD_RUNPATH_SEARCH_PATHS = (
					"$(inherited)",
					"@executable_path/Frameworks",
				);
				MARKETING_VERSION = 1.0;
				OTHER_LDFLAGS = (
					"-framework",
					SafariServices,
					"-framework",
					WebKit,
				);
				PRODUCT_BUNDLE_IDENTIFIER = samroman.usiku;
				PRODUCT_NAME = usiku;
				SDKROOT = iphoneos;
				SWIFT_EMIT_LOC_STRINGS = YES;
				SWIFT_VERSION = 5.0;
				TARGETED_DEVICE_FAMILY = "1,2";
				VALIDATE_PRODUCT = YES;
			};
			name = Release;
		};
		3A863B012BF31858007677D1 /* Debug */ = {
			isa = XCBuildConfiguration;
			buildSettings = {
				CODE_SIGN_ENTITLEMENTS = "macOS (Extension)/usiku.entitlements";
				CODE_SIGN_STYLE = Automatic;
				CURRENT_PROJECT_VERSION = 1;
				DEVELOPMENT_TEAM = BHJSDBBPS7;
				ENABLE_HARDENED_RUNTIME = YES;
				GENERATE_INFOPLIST_FILE = YES;
				INFOPLIST_FILE = "macOS (Extension)/Info.plist";
				INFOPLIST_KEY_CFBundleDisplayName = "usiku Extension";
				INFOPLIST_KEY_NSHumanReadableCopyright = "";
				LD_RUNPATH_SEARCH_PATHS = (
					"$(inherited)",
					"@executable_path/../Frameworks",
					"@executable_path/../../../../Frameworks",
				);
				MACOSX_DEPLOYMENT_TARGET = 10.14;
				MARKETING_VERSION = 1.0;
				OTHER_LDFLAGS = (
					"-framework",
					SafariServices,
				);
				PRODUCT_BUNDLE_IDENTIFIER = samroman.usiku.Extension;
				PRODUCT_NAME = "usiku Extension";
				SDKROOT = macosx;
				SKIP_INSTALL = YES;
				SWIFT_EMIT_LOC_STRINGS = YES;
				SWIFT_VERSION = 5.0;
			};
			name = Debug;
		};
		3A863B022BF31858007677D1 /* Release */ = {
			isa = XCBuildConfiguration;
			buildSettings = {
				CODE_SIGN_ENTITLEMENTS = "macOS (Extension)/usiku.entitlements";
				CODE_SIGN_STYLE = Automatic;
				CURRENT_PROJECT_VERSION = 1;
				DEVELOPMENT_TEAM = BHJSDBBPS7;
				ENABLE_HARDENED_RUNTIME = YES;
				GENERATE_INFOPLIST_FILE = YES;
				INFOPLIST_FILE = "macOS (Extension)/Info.plist";
				INFOPLIST_KEY_CFBundleDisplayName = "usiku Extension";
				INFOPLIST_KEY_NSHumanReadableCopyright = "";
				LD_RUNPATH_SEARCH_PATHS = (
					"$(inherited)",
					"@executable_path/../Frameworks",
					"@executable_path/../../../../Frameworks",
				);
				MACOSX_DEPLOYMENT_TARGET = 10.14;
				MARKETING_VERSION = 1.0;
				OTHER_LDFLAGS = (
					"-framework",
					SafariServices,
				);
				PRODUCT_BUNDLE_IDENTIFIER = samroman.usiku.Extension;
				PRODUCT_NAME = "usiku Extension";
				SDKROOT = macosx;
				SKIP_INSTALL = YES;
				SWIFT_EMIT_LOC_STRINGS = YES;
				SWIFT_VERSION = 5.0;
			};
			name = Release;
		};
		3A863B052BF31858007677D1 /* Debug */ = {
			isa = XCBuildConfiguration;
			buildSettings = {
				ALWAYS_EMBED_SWIFT_STANDARD_LIBRARIES = YES;
				ASSETCATALOG_COMPILER_APPICON_NAME = AppIcon;
				ASSETCATALOG_COMPILER_GLOBAL_ACCENT_COLOR_NAME = AccentColor;
				CODE_SIGN_ENTITLEMENTS = "macOS (App)/usiku.entitlements";
				CODE_SIGN_STYLE = Automatic;
				CURRENT_PROJECT_VERSION = 1;
				DEVELOPMENT_TEAM = BHJSDBBPS7;
				ENABLE_HARDENED_RUNTIME = YES;
				GENERATE_INFOPLIST_FILE = YES;
				INFOPLIST_KEY_CFBundleDisplayName = usiku;
				INFOPLIST_KEY_NSMainStoryboardFile = Main;
				INFOPLIST_KEY_NSPrincipalClass = NSApplication;
				LD_RUNPATH_SEARCH_PATHS = (
					"$(inherited)",
					"@executable_path/../Frameworks",
				);
				MACOSX_DEPLOYMENT_TARGET = 10.14;
				MARKETING_VERSION = 1.0;
				OTHER_LDFLAGS = (
					"-framework",
					SafariServices,
					"-framework",
					WebKit,
				);
				PRODUCT_BUNDLE_IDENTIFIER = samroman.usiku;
				PRODUCT_NAME = usiku;
				SDKROOT = macosx;
				SWIFT_EMIT_LOC_STRINGS = YES;
				SWIFT_VERSION = 5.0;
			};
			name = Debug;
		};
		3A863B062BF31858007677D1 /* Release */ = {
			isa = XCBuildConfiguration;
			buildSettings = {
				ALWAYS_EMBED_SWIFT_STANDARD_LIBRARIES = YES;
				ASSETCATALOG_COMPILER_APPICON_NAME = AppIcon;
				ASSETCATALOG_COMPILER_GLOBAL_ACCENT_COLOR_NAME = AccentColor;
				CODE_SIGN_ENTITLEMENTS = "macOS (App)/usiku.entitlements";
				CODE_SIGN_STYLE = Automatic;
				CURRENT_PROJECT_VERSION = 1;
				DEVELOPMENT_TEAM = BHJSDBBPS7;
				ENABLE_HARDENED_RUNTIME = YES;
				GENERATE_INFOPLIST_FILE = YES;
				INFOPLIST_KEY_CFBundleDisplayName = usiku;
				INFOPLIST_KEY_NSMainStoryboardFile = Main;
				INFOPLIST_KEY_NSPrincipalClass = NSApplication;
				LD_RUNPATH_SEARCH_PATHS = (
					"$(inherited)",
					"@executable_path/../Frameworks",
				);
				MACOSX_DEPLOYMENT_TARGET = 10.14;
				MARKETING_VERSION = 1.0;
				OTHER_LDFLAGS = (
					"-framework",
					SafariServices,
					"-framework",
					WebKit,
				);
				PRODUCT_BUNDLE_IDENTIFIER = samroman.usiku;
				PRODUCT_NAME = usiku;
				SDKROOT = macosx;
				SWIFT_EMIT_LOC_STRINGS = YES;
				SWIFT_VERSION = 5.0;
			};
			name = Release;
		};
/* End XCBuildConfiguration section */

/* Begin XCConfigurationList section */
		3A863A912BF31854007677D1 /* Build configuration list for PBXProject "usiku" */ = {
			isa = XCConfigurationList;
			buildConfigurations = (
				3A863AF72BF31858007677D1 /* Debug */,
				3A863AF82BF31858007677D1 /* Release */,
			);
			defaultConfigurationIsVisible = 0;
			defaultConfigurationName = Release;
		};
		3A863AF92BF31858007677D1 /* Build configuration list for PBXNativeTarget "usiku Extension (iOS)" */ = {
			isa = XCConfigurationList;
			buildConfigurations = (
				3A863AFA2BF31858007677D1 /* Debug */,
				3A863AFB2BF31858007677D1 /* Release */,
			);
			defaultConfigurationIsVisible = 0;
			defaultConfigurationName = Release;
		};
		3A863AFD2BF31858007677D1 /* Build configuration list for PBXNativeTarget "usiku (iOS)" */ = {
			isa = XCConfigurationList;
			buildConfigurations = (
				3A863AFE2BF31858007677D1 /* Debug */,
				3A863AFF2BF31858007677D1 /* Release */,
			);
			defaultConfigurationIsVisible = 0;
			defaultConfigurationName = Release;
		};
		3A863B002BF31858007677D1 /* Build configuration list for PBXNativeTarget "usiku Extension (macOS)" */ = {
			isa = XCConfigurationList;
			buildConfigurations = (
				3A863B012BF31858007677D1 /* Debug */,
				3A863B022BF31858007677D1 /* Release */,
			);
			defaultConfigurationIsVisible = 0;
			defaultConfigurationName = Release;
		};
		3A863B042BF31858007677D1 /* Build configuration list for PBXNativeTarget "usiku (macOS)" */ = {
			isa = XCConfigurationList;
			buildConfigurations = (
				3A863B052BF31858007677D1 /* Debug */,
				3A863B062BF31858007677D1 /* Release */,
			);
			defaultConfigurationIsVisible = 0;
			defaultConfigurationName = Release;
		};
/* End XCConfigurationList section */
	};
	rootObject = 3A863A8E2BF31854007677D1 /* Project object */;
}
